
Microsoft Visual Studio Solution File, Format Version 12.00
# Visual Studio Version 17
VisualStudioVersion = 17.12.35527.113
MinimumVisualStudioVersion = 10.0.40219.1
Project("{9A19103F-16F7-4668-BE54-9A1E7A4F7556}") = "HRMS.API", "HRMS.API\HRMS.API.csproj", "{DB318D07-07A5-4EA8-819B-B2E8CF43297D}"
EndProject
Project("{9A19103F-16F7-4668-BE54-9A1E7A4F7556}") = "HRMS.BusinessLayer", "HRMS.BusinessLayer\HRMS.BusinessLayer.csproj", "{D9B54FCE-85BF-4672-B7BE-326B4ED62DC5}"
EndProject
Project("{9A19103F-16F7-4668-BE54-9A1E7A4F7556}") = "HRMS.Dtos", "HRMS.Dtos\HRMS.Dtos.csproj", "{C8017072-D8B5-40CA-B24D-150AC042FACA}"
EndProject
Project("{9A19103F-16F7-4668-BE54-9A1E7A4F7556}") = "HRMS.Entities", "HRMS.Entities\HRMS.Entities.csproj", "{AB798B2B-4D5F-4BC5-97F1-E1EB07F06E41}"
EndProject
Project("{9A19103F-16F7-4668-BE54-9A1E7A4F7556}") = "HRMS.PersistenceLayer", "HRMS.PersistenceLayer\HRMS.PersistenceLayer.csproj", "{7984C001-F386-4C01-A6B1-FC2835D04AAA}"
EndProject
Project("{9A19103F-16F7-4668-BE54-9A1E7A4F7556}") = "HRMS.Utility", "HRMS.Utility\HRMS.Utility.csproj", "{DA3ACE6B-F186-4517-8BA9-078DED0A010E}"
EndProject
Global
	GlobalSection(SolutionConfigurationPlatforms) = preSolution
		Debug|Any CPU = Debug|Any CPU
		Release|Any CPU = Release|Any CPU
	EndGlobalSection
	GlobalSection(ProjectConfigurationPlatforms) = postSolution
		{DB318D07-07A5-4EA8-819B-B2E8CF43297D}.Debug|Any CPU.ActiveCfg = Debug|Any CPU
		{DB318D07-07A5-4EA8-819B-B2E8CF43297D}.Debug|Any CPU.Build.0 = Debug|Any CPU
		{DB318D07-07A5-4EA8-819B-B2E8CF43297D}.Release|Any CPU.ActiveCfg = Release|Any CPU
		{DB318D07-07A5-4EA8-819B-B2E8CF43297D}.Release|Any CPU.Build.0 = Release|Any CPU
		{D9B54FCE-85BF-4672-B7BE-326B4ED62DC5}.Debug|Any CPU.ActiveCfg = Debug|Any CPU
		{D9B54FCE-85BF-4672-B7BE-326B4ED62DC5}.Debug|Any CPU.Build.0 = Debug|Any CPU
		{D9B54FCE-85BF-4672-B7BE-326B4ED62DC5}.Release|Any CPU.ActiveCfg = Release|Any CPU
		{D9B54FCE-85BF-4672-B7BE-326B4ED62DC5}.Release|Any CPU.Build.0 = Release|Any CPU
		{C8017072-D8B5-40CA-B24D-150AC042FACA}.Debug|Any CPU.ActiveCfg = Debug|Any CPU
		{C8017072-D8B5-40CA-B24D-150AC042FACA}.Debug|Any CPU.Build.0 = Debug|Any CPU
		{C8017072-D8B5-40CA-B24D-150AC042FACA}.Release|Any CPU.ActiveCfg = Release|Any CPU
		{C8017072-D8B5-40CA-B24D-150AC042FACA}.Release|Any CPU.Build.0 = Release|Any CPU
		{AB798B2B-4D5F-4BC5-97F1-E1EB07F06E41}.Debug|Any CPU.ActiveCfg = Debug|Any CPU
		{AB798B2B-4D5F-4BC5-97F1-E1EB07F06E41}.Debug|Any CPU.Build.0 = Debug|Any CPU
		{AB798B2B-4D5F-4BC5-97F1-E1EB07F06E41}.Release|Any CPU.ActiveCfg = Release|Any CPU
		{AB798B2B-4D5F-4BC5-97F1-E1EB07F06E41}.Release|Any CPU.Build.0 = Release|Any CPU
		{7984C001-F386-4C01-A6B1-FC2835D04AAA}.Debug|Any CPU.ActiveCfg = Debug|Any CPU
		{7984C001-F386-4C01-A6B1-FC2835D04AAA}.Debug|Any CPU.Build.0 = Debug|Any CPU
		{7984C001-F386-4C01-A6B1-FC2835D04AAA}.Release|Any CPU.ActiveCfg = Release|Any CPU
		{7984C001-F386-4C01-A6B1-FC2835D04AAA}.Release|Any CPU.Build.0 = Release|Any CPU
		{DA3ACE6B-F186-4517-8BA9-078DED0A010E}.Debug|Any CPU.ActiveCfg = Debug|Any CPU
		{DA3ACE6B-F186-4517-8BA9-078DED0A010E}.Debug|Any CPU.Build.0 = Debug|Any CPU
		{DA3ACE6B-F186-4517-8BA9-078DED0A010E}.Release|Any CPU.ActiveCfg = Release|Any CPU
		{DA3ACE6B-F186-4517-8BA9-078DED0A010E}.Release|Any CPU.Build.0 = Release|Any CPU
	EndGlobalSection
	GlobalSection(SolutionProperties) = preSolution
		HideSolutionNode = FALSE
	EndGlobalSection
EndGlobal
